
Microsoft Visual Studio Solution File, Format Version 12.00
# Visual Studio 15
VisualStudioVersion = 15.0.28307.421
MinimumVisualStudioVersion = 10.0.40219.1
Project("{FAE04EC0-301F-11D3-BF4B-00C04F79EFBC}") = "MyFirstWebAPI", "MyFirstWebAPI\MyFirstWebAPI.csproj", "{A0393889-596F-4091-8689-8A5E138C959E}"
EndProject
Global
	GlobalSection(SolutionConfigurationPlatforms) = preSolution
		Debug|Any CPU = Debug|Any CPU
		Release|Any CPU = Release|Any CPU
	EndGlobalSection
	GlobalSection(ProjectConfigurationPlatforms) = postSolution
		{A0393889-596F-4091-8689-8A5E138C959E}.Debug|Any CPU.ActiveCfg = Debug|Any CPU
		{A0393889-596F-4091-8689-8A5E138C959E}.Debug|Any CPU.Build.0 = Debug|Any CPU
		{A0393889-596F-4091-8689-8A5E138C959E}.Release|Any CPU.ActiveCfg = Release|Any CPU
		{A0393889-596F-4091-8689-8A5E138C959E}.Release|Any CPU.Build.0 = Release|Any CPU
	EndGlobalSection
	GlobalSection(SolutionProperties) = preSolution
		HideSolutionNode = FALSE
	EndGlobalSection
	GlobalSection(ExtensibilityGlobals) = postSolution
		SolutionGuid = {41B2031D-5024-4145-9776-50145FAB8F15}
	EndGlobalSection
EndGlobal
